# This file is automatically @generated by Cargo.
# It is not intended for manual editing.
version = 4

[[package]]
name = "bit_field"
version = "0.10.3"
source = "registry+https://github.com/rust-lang/crates.io-index"
checksum = "1e4b40c7323adcfc0a41c4b88143ed58346ff65a288fc144329c5c45e05d70c6"

[[package]]
name = "bitflags"
version = "1.3.2"
source = "registry+https://github.com/rust-lang/crates.io-index"
checksum = "bef38d45163c2f1dde094a7dfd33ccf595c92905c8f8f4fdc18d06fb1037718a"

[[package]]
name = "bitflags"
version = "2.11.0"
source = "registry+https://github.com/rust-lang/crates.io-index"
checksum = "843867be96c8daad0d758b57df9392b6d8d271134fce549de6ce169ff98a92af"

[[package]]
name = "bootloader_api"
version = "0.11.15"
source = "registry+https://github.com/rust-lang/crates.io-index"
checksum = "5c074a3d1075b26ed77e502d6af8ab1263abbdc3d026c166e46480f973287293"

[[package]]
name = "const_fn"
version = "0.4.11"
source = "registry+https://github.com/rust-lang/crates.io-index"
checksum = "2f8a2ca5ac02d09563609681103aada9e1777d54fc57a5acd7a41404f9c93b6e"

[[package]]
name = "linked_list_allocator"
version = "0.10.5"
source = "registry+https://github.com/rust-lang/crates.io-index"
checksum = "9afa463f5405ee81cdb9cc2baf37e08ec7e4c8209442b5d72c04cfb2cd6e6286"
dependencies = [
 "spinning_top",
]

[[package]]
name = "lock_api"
version = "0.4.14"
source = "registry+https://github.com/rust-lang/crates.io-index"
checksum = "224399e74b87b5f3557511d98dff8b14089b3dadafcab6bb93eab67d3aace965"
dependencies = [
 "scopeguard",
]

[[package]]
name = "minios-common"
version = "0.1.0"
dependencies = [
 "bitflags 2.11.0",
]

[[package]]
name = "minios-fs"
version = "0.1.0"
dependencies = [
 "minios-common",
 "minios-hal",
 "minios-memory",
 "minios-scheduler",
 "minios-trace",
 "spin",
]

[[package]]
name = "minios-hal"
version = "0.1.0"
dependencies = [
 "minios-common",
 "spin",
 "uart_16550",
 "volatile 0.6.1",
 "x86_64",
]

[[package]]
name = "minios-interrupt"
version = "0.1.0"
dependencies = [
 "minios-common",
 "spin",
 "x86_64",
]

[[package]]
name = "minios-ipc"
version = "0.1.0"
dependencies = [
 "minios-common",
 "minios-hal",
 "spin",
]

[[package]]
name = "minios-kernel"
version = "0.1.0"
dependencies = [
 "bootloader_api",
 "minios-common",
 "minios-fs",
 "minios-hal",
 "minios-interrupt",
 "minios-ipc",
 "minios-memory",
 "minios-process",
 "minios-scheduler",
 "minios-shell",
 "minios-syscall",
 "minios-trace",
 "minios-trace-macros",
]

[[package]]
name = "minios-memory"
version = "0.1.0"
dependencies = [
 "bootloader_api",
 "linked_list_allocator",
 "minios-common",
 "minios-hal",
 "spin",
 "x86_64",
]

[[package]]
name = "minios-process"
version = "0.1.0"
dependencies = [
 "minios-common",
 "minios-hal",
 "spin",
]

[[package]]
name = "minios-scheduler"
version = "0.1.0"
dependencies = [
 "minios-common",
 "minios-hal",
 "spin",
]

[[package]]
name = "minios-shell"
version = "0.1.0"
dependencies = [
 "minios-common",
 "minios-fs",
 "minios-hal",
 "minios-memory",
 "minios-process",
 "minios-scheduler",
 "minios-trace",
 "spin",
 "x86_64",
]

[[package]]
name = "minios-syscall"
version = "0.1.0"
dependencies = [
 "minios-common",
 "minios-hal",
 "minios-process",
 "minios-scheduler",
 "minios-trace",
 "spin",
]

[[package]]
name = "minios-trace"
version = "0.1.0"
dependencies = [
 "minios-common",
 "minios-hal",
 "spin",
]

[[package]]
name = "minios-trace-macros"
version = "0.1.0"
dependencies = [
 "proc-macro2",
 "quote",
 "syn",
]

[[package]]
name = "proc-macro2"
version = "1.0.106"
source = "registry+https://github.com/rust-lang/crates.io-index"
checksum = "8fd00f0bb2e90d81d1044c2b32617f68fcb9fa3bb7640c23e9c748e53fb30934"
dependencies = [
 "unicode-ident",
]

[[package]]
name = "quote"
version = "1.0.44"
source = "registry+https://github.com/rust-lang/crates.io-index"
checksum = "21b2ebcf727b7760c461f091f9f0f539b77b8e87f2fd88131e7f1b433b3cece4"
dependencies = [
 "proc-macro2",
]

[[package]]
name = "raw-cpuid"
version = "10.7.0"
source = "registry+https://github.com/rust-lang/crates.io-index"
checksum = "6c297679cb867470fa8c9f67dbba74a78d78e3e98d7cf2b08d6d71540f797332"
dependencies = [
 "bitflags 1.3.2",
]

[[package]]
name = "rustversion"
version = "1.0.22"
source = "registry+https://github.com/rust-lang/crates.io-index"
checksum = "b39cdef0fa800fc44525c84ccb54a029961a8215f9619753635a9c0d2538d46d"

[[package]]
name = "scopeguard"
version = "1.2.0"
source = "registry+https://github.com/rust-lang/crates.io-index"
checksum = "94143f37725109f92c262ed2cf5e59bce7498c01bcc1502d7b9afe439a4e9f49"

[[package]]
name = "spin"
version = "0.9.8"
source = "registry+https://github.com/rust-lang/crates.io-index"
checksum = "6980e8d7511241f8acf4aebddbb1ff938df5eebe98691418c4468d0b72a96a67"
dependencies = [
 "lock_api",
]

[[package]]
name = "spinning_top"
version = "0.2.5"
source = "registry+https://github.com/rust-lang/crates.io-index"
checksum = "5b9eb1a2f4c41445a3a0ff9abc5221c5fcd28e1f13cd7c0397706f9ac938ddb0"
dependencies = [
 "lock_api",
]

[[package]]
name = "syn"
version = "2.0.117"
source = "registry+https://github.com/rust-lang/crates.io-index"
checksum = "e665b8803e7b1d2a727f4023456bbbbe74da67099c585258af0ad9c5013b9b99"
dependencies = [
 "proc-macro2",
 "quote",
 "unicode-ident",
]

[[package]]
name = "uart_16550"
version = "0.3.2"
source = "registry+https://github.com/rust-lang/crates.io-index"
checksum = "e492212ac378a5e00da953718dafb1340d9fbaf4f27d6f3c5cab03d931d1c049"
dependencies = [
 "bitflags 2.11.0",
 "rustversion",
 "x86",
]

[[package]]
name = "unicode-ident"
version = "1.0.24"
source = "registry+https://github.com/rust-lang/crates.io-index"
checksum = "e6e4313cd5fcd3dad5cafa179702e2b244f760991f45397d14d4ebf38247da75"

[[package]]
name = "volatile"
version = "0.4.6"
source = "registry+https://github.com/rust-lang/crates.io-index"
checksum = "442887c63f2c839b346c192d047a7c87e73d0689c9157b00b53dcc27dd5ea793"

[[package]]
name = "volatile"
version = "0.6.1"
source = "registry+https://github.com/rust-lang/crates.io-index"
checksum = "af8ca9a5d4debca0633e697c88269395493cebf2e10db21ca2dbde37c1356452"

[[package]]
name = "x86"
version = "0.52.0"
source = "registry+https://github.com/rust-lang/crates.io-index"
checksum = "2781db97787217ad2a2845c396a5efe286f87467a5810836db6d74926e94a385"
dependencies = [
 "bit_field",
 "bitflags 1.3.2",
 "raw-cpuid",
]

[[package]]
name = "x86_64"
version = "0.15.4"
source = "registry+https://github.com/rust-lang/crates.io-index"
checksum = "f7841fa0098ceb15c567d93d3fae292c49e10a7662b4936d5f6a9728594555ba"
dependencies = [
 "bit_field",
 "bitflags 2.11.0",
 "const_fn",
 "rustversion",
 "volatile 0.4.6",
]
